
Microsoft Visual Studio Solution File, Format Version 12.00
# Visual Studio Version 16
VisualStudioVersion = 16.0.31702.278
MinimumVisualStudioVersion = 10.0.40219.1
Project("{FAE04EC0-301F-11D3-BF4B-00C04F79EFBC}") = "PearsonTest", "PearsonTest\PearsonTest.csproj", "{C2DF2B3C-E317-4551-95BE-60D9F3DB3791}"
EndProject
Project("{FAE04EC0-301F-11D3-BF4B-00C04F79EFBC}") = "PearsonTest.Logic", "PearsonTest.Logic\PearsonTest.Logic.csproj", "{C8B89B8F-4355-4AEA-BB56-34516CE2E5EB}"
EndProject
Project("{FAE04EC0-301F-11D3-BF4B-00C04F79EFBC}") = "PearsonTest.DTOs", "PearsonTest.DTOs\PearsonTest.DTOs.csproj", "{F6352D5E-1F03-458F-80FA-5BC66743889D}"
EndProject
Project("{FAE04EC0-301F-11D3-BF4B-00C04F79EFBC}") = "PearsonTest.Tests", "PearsonTest.Tests\PearsonTest.Tests.csproj", "{7C2BA76F-A8F6-4A3C-A1CA-A38FDD26AC02}"
EndProject
Global
	GlobalSection(SolutionConfigurationPlatforms) = preSolution
		Debug|Any CPU = Debug|Any CPU
		Release|Any CPU = Release|Any CPU
	EndGlobalSection
	GlobalSection(ProjectConfigurationPlatforms) = postSolution
		{C2DF2B3C-E317-4551-95BE-60D9F3DB3791}.Debug|Any CPU.ActiveCfg = Debug|Any CPU
		{C2DF2B3C-E317-4551-95BE-60D9F3DB3791}.Debug|Any CPU.Build.0 = Debug|Any CPU
		{C2DF2B3C-E317-4551-95BE-60D9F3DB3791}.Release|Any CPU.ActiveCfg = Release|Any CPU
		{C2DF2B3C-E317-4551-95BE-60D9F3DB3791}.Release|Any CPU.Build.0 = Release|Any CPU
		{C8B89B8F-4355-4AEA-BB56-34516CE2E5EB}.Debug|Any CPU.ActiveCfg = Debug|Any CPU
		{C8B89B8F-4355-4AEA-BB56-34516CE2E5EB}.Debug|Any CPU.Build.0 = Debug|Any CPU
		{C8B89B8F-4355-4AEA-BB56-34516CE2E5EB}.Release|Any CPU.ActiveCfg = Release|Any CPU
		{C8B89B8F-4355-4AEA-BB56-34516CE2E5EB}.Release|Any CPU.Build.0 = Release|Any CPU
		{F6352D5E-1F03-458F-80FA-5BC66743889D}.Debug|Any CPU.ActiveCfg = Debug|Any CPU
		{F6352D5E-1F03-458F-80FA-5BC66743889D}.Debug|Any CPU.Build.0 = Debug|Any CPU
		{F6352D5E-1F03-458F-80FA-5BC66743889D}.Release|Any CPU.ActiveCfg = Release|Any CPU
		{F6352D5E-1F03-458F-80FA-5BC66743889D}.Release|Any CPU.Build.0 = Release|Any CPU
		{7C2BA76F-A8F6-4A3C-A1CA-A38FDD26AC02}.Debug|Any CPU.ActiveCfg = Debug|Any CPU
		{7C2BA76F-A8F6-4A3C-A1CA-A38FDD26AC02}.Debug|Any CPU.Build.0 = Debug|Any CPU
		{7C2BA76F-A8F6-4A3C-A1CA-A38FDD26AC02}.Release|Any CPU.ActiveCfg = Release|Any CPU
		{7C2BA76F-A8F6-4A3C-A1CA-A38FDD26AC02}.Release|Any CPU.Build.0 = Release|Any CPU
	EndGlobalSection
	GlobalSection(SolutionProperties) = preSolution
		HideSolutionNode = FALSE
	EndGlobalSection
	GlobalSection(ExtensibilityGlobals) = postSolution
		SolutionGuid = {AAAE0B83-CF48-4691-B0E0-016828CA2C3A}
	EndGlobalSection
EndGlobal
